// !$*UTF8*$!
{
	archiveVersion = 1;
	classes = {
	};
	objectVersion = 50;
	objects = {

/* Begin PBXBuildFile section */
		320F4A0B25E381A1002961F0 /* UserData.swift in Sources */ = {isa = PBXBuildFile; fileRef = 320F4A0A25E381A1002961F0 /* UserData.swift */; };
		320F4A1825E49B48002961F0 /* EdtingPage.swift in Sources */ = {isa = PBXBuildFile; fileRef = 320F4A1725E49B48002961F0 /* EdtingPage.swift */; };
		3223ADD825E3546600868FC1 /* AppDelegate.swift in Sources */ = {isa = PBXBuildFile; fileRef = 3223ADD725E3546600868FC1 /* AppDelegate.swift */; };
		3223ADDA25E3546600868FC1 /* SceneDelegate.swift in Sources */ = {isa = PBXBuildFile; fileRef = 3223ADD925E3546600868FC1 /* SceneDelegate.swift */; };
		3223ADDC25E3546600868FC1 /* ContentView.swift in Sources */ = {isa = PBXBuildFile; fileRef = 3223ADDB25E3546600868FC1 /* ContentView.swift */; };
		3223ADDE25E3546700868FC1 /* Assets.xcassets in Resources */ = {isa = PBXBuildFile; fileRef = 3223ADDD25E3546700868FC1 /* Assets.xcassets */; };
		3223ADE125E3546700868FC1 /* Preview Assets.xcassets in Resources */ = {isa = PBXBuildFile; fileRef = 3223ADE025E3546700868FC1 /* Preview Assets.xcassets */; };
		3223ADE425E3546700868FC1 /* LaunchScreen.storyboard in Resources */ = {isa = PBXBuildFile; fileRef = 3223ADE225E3546700868FC1 /* LaunchScreen.storyboard */; };
		3223ADEF25E3546700868FC1 /* TestSwiftUITests.swift in Sources */ = {isa = PBXBuildFile; fileRef = 3223ADEE25E3546700868FC1 /* TestSwiftUITests.swift */; };
		3223ADFA25E3546700868FC1 /* TestSwiftUIUITests.swift in Sources */ = {isa = PBXBuildFile; fileRef = 3223ADF925E3546700868FC1 /* TestSwiftUIUITests.swift */; };
/* End PBXBuildFile section */

/* Begin PBXContainerItemProxy section */
		3223ADEB25E3546700868FC1 /* PBXContainerItemProxy */ = {
			isa = PBXContainerItemProxy;
			containerPortal = 3223ADCC25E3546600868FC1 /* Project object */;
			proxyType = 1;
			remoteGlobalIDString = 3223ADD325E3546600868FC1;
			remoteInfo = TestSwiftUI;
		};
		3223ADF625E3546700868FC1 /* PBXContainerItemProxy */ = {
			isa = PBXContainerItemProxy;
			containerPortal = 3223ADCC25E3546600868FC1 /* Project object */;
			proxyType = 1;
			remoteGlobalIDString = 3223ADD325E3546600868FC1;
			remoteInfo = TestSwiftUI;
		};
/* End PBXContainerItemProxy section */

/* Begin PBXFileReference section */
		320F4A0A25E381A1002961F0 /* UserData.swift */ = {isa = PBXFileReference; lastKnownFileType = sourcecode.swift; path = UserData.swift; sourceTree = "<group>"; };
		320F4A1725E49B48002961F0 /* EdtingPage.swift */ = {isa = PBXFileReference; lastKnownFileType = sourcecode.swift; path = EdtingPage.swift; sourceTree = "<group>"; };
		3223ADD425E3546600868FC1 /* TestSwiftUI.app */ = {isa = PBXFileReference; explicitFileType = wrapper.application; includeInIndex = 0; path = TestSwiftUI.app; sourceTree = BUILT_PRODUCTS_DIR; };
		3223ADD725E3546600868FC1 /* AppDelegate.swift */ = {isa = PBXFileReference; lastKnownFileType = sourcecode.swift; path = AppDelegate.swift; sourceTree = "<group>"; };
		3223ADD925E3546600868FC1 /* SceneDelegate.swift */ = {isa = PBXFileReference; lastKnownFileType = sourcecode.swift; path = SceneDelegate.swift; sourceTree = "<group>"; };
		3223ADDB25E3546600868FC1 /* ContentView.swift */ = {isa = PBXFileReference; lastKnownFileType = sourcecode.swift; path = ContentView.swift; sourceTree = "<group>"; };
		3223ADDD25E3546700868FC1 /* Assets.xcassets */ = {isa = PBXFileReference; lastKnownFileType = folder.assetcatalog; path = Assets.xcassets; sourceTree = "<group>"; };
		3223ADE025E3546700868FC1 /* Preview Assets.xcassets */ = {isa = PBXFileReference; lastKnownFileType = folder.assetcatalog; path = "Preview Assets.xcassets"; sourceTree = "<group>"; };
		3223ADE325E3546700868FC1 /* Base */ = {isa = PBXFileReference; lastKnownFileType = file.storyboard; name = Base; path = Base.lproj/LaunchScreen.storyboard; sourceTree = "<group>"; };
		3223ADE525E3546700868FC1 /* Info.plist */ = {isa = PBXFileReference; lastKnownFileType = text.plist.xml; path = Info.plist; sourceTree = "<group>"; };
		3223ADEA25E3546700868FC1 /* TestSwiftUITests.xctest */ = {isa = PBXFileReference; explicitFileType = wrapper.cfbundle; includeInIndex = 0; path = TestSwiftUITests.xctest; sourceTree = BUILT_PRODUCTS_DIR; };
		3223ADEE25E3546700868FC1 /* TestSwiftUITests.swift */ = {isa = PBXFileReference; lastKnownFileType = sourcecode.swift; path = TestSwiftUITests.swift; sourceTree = "<group>"; };
		3223ADF025E3546700868FC1 /* Info.plist */ = {isa = PBXFileReference; lastKnownFileType = text.plist.xml; path = Info.plist; sourceTree = "<group>"; };
		3223ADF525E3546700868FC1 /* TestSwiftUIUITests.xctest */ = {isa = PBXFileReference; explicitFileType = wrapper.cfbundle; includeInIndex = 0; path = TestSwiftUIUITests.xctest; sourceTree = BUILT_PRODUCTS_DIR; };
		3223ADF925E3546700868FC1 /* TestSwiftUIUITests.swift */ = {isa = PBXFileReference; lastKnownFileType = sourcecode.swift; path = TestSwiftUIUITests.swift; sourceTree = "<group>"; };
		3223ADFB25E3546700868FC1 /* Info.plist */ = {isa = PBXFileReference; lastKnownFileType = text.plist.xml; path = Info.plist; sourceTree = "<group>"; };
/* End PBXFileReference section */

/* Begin PBXFrameworksBuildPhase section */
		3223ADD125E3546600868FC1 /* Frameworks */ = {
			isa = PBXFrameworksBuildPhase;
			buildActionMask = 2147483647;
			files = (
			);
			runOnlyForDeploymentPostprocessing = 0;
		};
		3223ADE725E3546700868FC1 /* Frameworks */ = {
			isa = PBXFrameworksBuildPhase;
			buildActionMask = 2147483647;
			files = (
			);
			runOnlyForDeploymentPostprocessing = 0;
		};
		3223ADF225E3546700868FC1 /* Frameworks */ = {
			isa = PBXFrameworksBuildPhase;
			buildActionMask = 2147483647;
			files = (
			);
			runOnlyForDeploymentPostprocessing = 0;
		};
/* End PBXFrameworksBuildPhase section */

/* Begin PBXGroup section */
		3223ADCB25E3546600868FC1 = {
			isa = PBXGroup;
			children = (
				3223ADD625E3546600868FC1 /* TestSwiftUI */,
				3223ADED25E3546700868FC1 /* TestSwiftUITests */,
				3223ADF825E3546700868FC1 /* TestSwiftUIUITests */,
				3223ADD525E3546600868FC1 /* Products */,
			);
			sourceTree = "<group>";
		};
		3223ADD525E3546600868FC1 /* Products */ = {
			isa = PBXGroup;
			children = (
				3223ADD425E3546600868FC1 /* TestSwiftUI.app */,
				3223ADEA25E3546700868FC1 /* TestSwiftUITests.xctest */,
				3223ADF525E3546700868FC1 /* TestSwiftUIUITests.xctest */,
			);
			name = Products;
			sourceTree = "<group>";
		};
		3223ADD625E3546600868FC1 /* TestSwiftUI */ = {
			isa = PBXGroup;
			children = (
				3223ADD725E3546600868FC1 /* AppDelegate.swift */,
				3223ADD925E3546600868FC1 /* SceneDelegate.swift */,
				3223ADDB25E3546600868FC1 /* ContentView.swift */,
				3223ADDD25E3546700868FC1 /* Assets.xcassets */,
				3223ADE225E3546700868FC1 /* LaunchScreen.storyboard */,
				3223ADE525E3546700868FC1 /* Info.plist */,
				3223ADDF25E3546700868FC1 /* Preview Content */,
				320F4A0A25E381A1002961F0 /* UserData.swift */,
				320F4A1725E49B48002961F0 /* EdtingPage.swift */,
			);
			path = TestSwiftUI;
			sourceTree = "<group>";
		};
		3223ADDF25E3546700868FC1 /* Preview Content */ = {
			isa = PBXGroup;
			children = (
				3223ADE025E3546700868FC1 /* Preview Assets.xcassets */,
			);
			path = "Preview Content";
			sourceTree = "<group>";
		};
		3223ADED25E3546700868FC1 /* TestSwiftUITests */ = {
			isa = PBXGroup;
			children = (
				3223ADEE25E3546700868FC1 /* TestSwiftUITests.swift */,
				3223ADF025E3546700868FC1 /* Info.plist */,
			);
			path = TestSwiftUITests;
			sourceTree = "<group>";
		};
		3223ADF825E3546700868FC1 /* TestSwiftUIUITests */ = {
			isa = PBXGroup;
			children = (
				3223ADF925E3546700868FC1 /* TestSwiftUIUITests.swift */,
				3223ADFB25E3546700868FC1 /* Info.plist */,
			);
			path = TestSwiftUIUITests;
			sourceTree = "<group>";
		};
/* End PBXGroup section */

/* Begin PBXNativeTarget section */
		3223ADD325E3546600868FC1 /* TestSwiftUI */ = {
			isa = PBXNativeTarget;
			buildConfigurationList = 3223ADFE25E3546700868FC1 /* Build configuration list for PBXNativeTarget "TestSwiftUI" */;
			buildPhases = (
				3223ADD025E3546600868FC1 /* Sources */,
				3223ADD125E3546600868FC1 /* Frameworks */,
				3223ADD225E3546600868FC1 /* Resources */,
			);
			buildRules = (
			);
			dependencies = (
			);
			name = TestSwiftUI;
			productName = TestSwiftUI;
			productReference = 3223ADD425E3546600868FC1 /* TestSwiftUI.app */;
			productType = "com.apple.product-type.application";
		};
		3223ADE925E3546700868FC1 /* TestSwiftUITests */ = {
			isa = PBXNativeTarget;
			buildConfigurationList = 3223AE0125E3546700868FC1 /* Build configuration list for PBXNativeTarget "TestSwiftUITests" */;
			buildPhases = (
				3223ADE625E3546700868FC1 /* Sources */,
				3223ADE725E3546700868FC1 /* Frameworks */,
				3223ADE825E3546700868FC1 /* Resources */,
			);
			buildRules = (
			);
			dependencies = (
				3223ADEC25E3546700868FC1 /* PBXTargetDependency */,
			);
			name = TestSwiftUITests;
			productName = TestSwiftUITests;
			productReference = 3223ADEA25E3546700868FC1 /* TestSwiftUITests.xctest */;
			productType = "com.apple.product-type.bundle.unit-test";
		};
		3223ADF425E3546700868FC1 /* TestSwiftUIUITests */ = {
			isa = PBXNativeTarget;
			buildConfigurationList = 3223AE0425E3546700868FC1 /* Build configuration list for PBXNativeTarget "TestSwiftUIUITests" */;
			buildPhases = (
				3223ADF125E3546700868FC1 /* Sources */,
				3223ADF225E3546700868FC1 /* Frameworks */,
				3223ADF325E3546700868FC1 /* Resources */,
			);
			buildRules = (
			);
			dependencies = (
				3223ADF725E3546700868FC1 /* PBXTargetDependency */,
			);
			name = TestSwiftUIUITests;
			productName = TestSwiftUIUITests;
			productReference = 3223ADF525E3546700868FC1 /* TestSwiftUIUITests.xctest */;
			productType = "com.apple.product-type.bundle.ui-testing";
		};
/* End PBXNativeTarget section */

/* Begin PBXProject section */
		3223ADCC25E3546600868FC1 /* Project object */ = {
			isa = PBXProject;
			attributes = {
				LastSwiftUpdateCheck = 1240;
				LastUpgradeCheck = 1240;
				TargetAttributes = {
					3223ADD325E3546600868FC1 = {
						CreatedOnToolsVersion = 12.4;
					};
					3223ADE925E3546700868FC1 = {
						CreatedOnToolsVersion = 12.4;
						TestTargetID = 3223ADD325E3546600868FC1;
					};
					3223ADF425E3546700868FC1 = {
						CreatedOnToolsVersion = 12.4;
						TestTargetID = 3223ADD325E3546600868FC1;
					};
				};
			};
			buildConfigurationList = 3223ADCF25E3546600868FC1 /* Build configuration list for PBXProject "TestSwiftUI" */;
			compatibilityVersion = "Xcode 9.3";
			developmentRegion = en;
			hasScannedForEncodings = 0;
			knownRegions = (
				en,
				Base,
			);
			mainGroup = 3223ADCB25E3546600868FC1;
			productRefGroup = 3223ADD525E3546600868FC1 /* Products */;
			projectDirPath = "";
			projectRoot = "";
			targets = (
				3223ADD325E3546600868FC1 /* TestSwiftUI */,
				3223ADE925E3546700868FC1 /* TestSwiftUITests */,
				3223ADF425E3546700868FC1 /* TestSwiftUIUITests */,
			);
		};
/* End PBXProject section */

/* Begin PBXResourcesBuildPhase section */
		3223ADD225E3546600868FC1 /* Resources */ = {
			isa = PBXResourcesBuildPhase;
			buildActionMask = 2147483647;
			files = (
				3223ADE425E3546700868FC1 /* LaunchScreen.storyboard in Resources */,
				3223ADE125E3546700868FC1 /* Preview Assets.xcassets in Resources */,
				3223ADDE25E3546700868FC1 /* Assets.xcassets in Resources */,
			);
			runOnlyForDeploymentPostprocessing = 0;
		};
		3223ADE825E3546700868FC1 /* Resources */ = {
			isa = PBXResourcesBuildPhase;
			buildActionMask = 2147483647;
			files = (
			);
			runOnlyForDeploymentPostprocessing = 0;
		};
		3223ADF325E3546700868FC1 /* Resources */ = {
			isa = PBXResourcesBuildPhase;
			buildActionMask = 2147483647;
			files = (
			);
			runOnlyForDeploymentPostprocessing = 0;
		};
/* End PBXResourcesBuildPhase section */

/* Begin PBXSourcesBuildPhase section */
		3223ADD025E3546600868FC1 /* Sources */ = {
			isa = PBXSourcesBuildPhase;
			buildActionMask = 2147483647;
			files = (
				3223ADD825E3546600868FC1 /* AppDelegate.swift in Sources */,
				3223ADDA25E3546600868FC1 /* SceneDelegate.swift in Sources */,
				320F4A0B25E381A1002961F0 /* UserData.swift in Sources */,
				3223ADDC25E3546600868FC1 /* ContentView.swift in Sources */,
				320F4A1825E49B48002961F0 /* EdtingPage.swift in Sources */,
			);
			runOnlyForDeploymentPostprocessing = 0;
		};
		3223ADE625E3546700868FC1 /* Sources */ = {
			isa = PBXSourcesBuildPhase;
			buildActionMask = 2147483647;
			files = (
				3223ADEF25E3546700868FC1 /* TestSwiftUITests.swift in Sources */,
			);
			runOnlyForDeploymentPostprocessing = 0;
		};
		3223ADF125E3546700868FC1 /* Sources */ = {
			isa = PBXSourcesBuildPhase;
			buildActionMask = 2147483647;
			files = (
				3223ADFA25E3546700868FC1 /* TestSwiftUIUITests.swift in Sources */,
			);
			runOnlyForDeploymentPostprocessing = 0;
		};
/* End PBXSourcesBuildPhase section */

/* Begin PBXTargetDependency section */
		3223ADEC25E3546700868FC1 /* PBXTargetDependency */ = {
			isa = PBXTargetDependency;
			target = 3223ADD325E3546600868FC1 /* TestSwiftUI */;
			targetProxy = 3223ADEB25E3546700868FC1 /* PBXContainerItemProxy */;
		};
		3223ADF725E3546700868FC1 /* PBXTargetDependency */ = {
			isa = PBXTargetDependency;
			target = 3223ADD325E3546600868FC1 /* TestSwiftUI */;
			targetProxy = 3223ADF625E3546700868FC1 /* PBXContainerItemProxy */;
		};
/* End PBXTargetDependency section */

/* Begin PBXVariantGroup section */
		3223ADE225E3546700868FC1 /* LaunchScreen.storyboard */ = {
			isa = PBXVariantGroup;
			children = (
				3223ADE325E3546700868FC1 /* Base */,
			);
			name = LaunchScreen.storyboard;
			sourceTree = "<group>";
		};
/* End PBXVariantGroup section */

/* Begin XCBuildConfiguration section */
		3223ADFC25E3546700868FC1 /* Debug */ = {
			isa = XCBuildConfiguration;
			buildSettings = {
				ALWAYS_SEARCH_USER_PATHS = NO;
				CLANG_ANALYZER_NONNULL = YES;
				CLANG_ANALYZER_NUMBER_OBJECT_CONVERSION = YES_AGGRESSIVE;
				CLANG_CXX_LANGUAGE_STANDARD = "gnu++14";
				CLANG_CXX_LIBRARY = "libc++";
				CLANG_ENABLE_MODULES = YES;
				CLANG_ENABLE_OBJC_ARC = YES;
				CLANG_ENABLE_OBJC_WEAK = YES;
				CLANG_WARN_BLOCK_CAPTURE_AUTORELEASING = YES;
				CLANG_WARN_BOOL_CONVERSION = YES;
				CLANG_WARN_COMMA = YES;
				CLANG_WARN_CONSTANT_CONVERSION = YES;
				CLANG_WARN_DEPRECATED_OBJC_IMPLEMENTATIONS = YES;
				CLANG_WARN_DIRECT_OBJC_ISA_USAGE = YES_ERROR;
				CLANG_WARN_DOCUMENTATION_COMMENTS = YES;
				CLANG_WARN_EMPTY_BODY = YES;
				CLANG_WARN_ENUM_CONVERSION = YES;
				CLANG_WARN_INFINITE_RECURSION = YES;
				CLANG_WARN_INT_CONVERSION = YES;
				CLANG_WARN_NON_LITERAL_NULL_CONVERSION = YES;
				CLANG_WARN_OBJC_IMPLICIT_RETAIN_SELF = YES;
				CLANG_WARN_OBJC_LITERAL_CONVERSION = YES;
				CLANG_WARN_OBJC_ROOT_CLASS = YES_ERROR;
				CLANG_WARN_QUOTED_INCLUDE_IN_FRAMEWORK_HEADER = YES;
				CLANG_WARN_RANGE_LOOP_ANALYSIS = YES;
				CLANG_WARN_STRICT_PROTOTYPES = YES;
				CLANG_WARN_SUSPICIOUS_MOVE = YES;
				CLANG_WARN_UNGUARDED_AVAILABILITY = YES_AGGRESSIVE;
				CLANG_WARN_UNREACHABLE_CODE = YES;
				CLANG_WARN__DUPLICATE_METHOD_MATCH = YES;
				COPY_PHASE_STRIP = NO;
				DEBUG_INFORMATION_FORMAT = dwarf;
				ENABLE_STRICT_OBJC_MSGSEND = YES;
				ENABLE_TESTABILITY = YES;
				GCC_C_LANGUAGE_STANDARD = gnu11;
				GCC_DYNAMIC_NO_PIC = NO;
				GCC_NO_COMMON_BLOCKS = YES;
				GCC_OPTIMIZATION_LEVEL = 0;
				GCC_PREPROCESSOR_DEFINITIONS = (
					"DEBUG=1",
					"$(inherited)",
				);
				GCC_WARN_64_TO_32_BIT_CONVERSION = YES;
				GCC_WARN_ABOUT_RETURN_TYPE = YES_ERROR;
				GCC_WARN_UNDECLARED_SELECTOR = YES;
				GCC_WARN_UNINITIALIZED_AUTOS = YES_AGGRESSIVE;
				GCC_WARN_UNUSED_FUNCTION = YES;
				GCC_WARN_UNUSED_VARIABLE = YES;
				IPHONEOS_DEPLOYMENT_TARGET = 14.4;
				MTL_ENABLE_DEBUG_INFO = INCLUDE_SOURCE;
				MTL_FAST_MATH = YES;
				ONLY_ACTIVE_ARCH = YES;
				SDKROOT = iphoneos;
				SWIFT_ACTIVE_COMPILATION_CONDITIONS = DEBUG;
				SWIFT_OPTIMIZATION_LEVEL = "-Onone";
			};
			name = Debug;
		};
		3223ADFD25E3546700868FC1 /* Release */ = {
			isa = XCBuildConfiguration;
			buildSettings = {
				ALWAYS_SEARCH_USER_PATHS = NO;
				CLANG_ANALYZER_NONNULL = YES;
				CLANG_ANALYZER_NUMBER_OBJECT_CONVERSION = YES_AGGRESSIVE;
				CLANG_CXX_LANGUAGE_STANDARD = "gnu++14";
				CLANG_CXX_LIBRARY = "libc++";
				CLANG_ENABLE_MODULES = YES;
				CLANG_ENABLE_OBJC_ARC = YES;
				CLANG_ENABLE_OBJC_WEAK = YES;
				CLANG_WARN_BLOCK_CAPTURE_AUTORELEASING = YES;
				CLANG_WARN_BOOL_CONVERSION = YES;
				CLANG_WARN_COMMA = YES;
				CLANG_WARN_CONSTANT_CONVERSION = YES;
				CLANG_WARN_DEPRECATED_OBJC_IMPLEMENTATIONS = YES;
				CLANG_WARN_DIRECT_OBJC_ISA_USAGE = YES_ERROR;
				CLANG_WARN_DOCUMENTATION_COMMENTS = YES;
				CLANG_WARN_EMPTY_BODY = YES;
				CLANG_WARN_ENUM_CONVERSION = YES;
				CLANG_WARN_INFINITE_RECURSION = YES;
				CLANG_WARN_INT_CONVERSION = YES;
				CLANG_WARN_NON_LITERAL_NULL_CONVERSION = YES;
				CLANG_WARN_OBJC_IMPLICIT_RETAIN_SELF = YES;
				CLANG_WARN_OBJC_LITERAL_CONVERSION = YES;
				CLANG_WARN_OBJC_ROOT_CLASS = YES_ERROR;
				CLANG_WARN_QUOTED_INCLUDE_IN_FRAMEWORK_HEADER = YES;
				CLANG_WARN_RANGE_LOOP_ANALYSIS = YES;
				CLANG_WARN_STRICT_PROTOTYPES = YES;
				CLANG_WARN_SUSPICIOUS_MOVE = YES;
				CLANG_WARN_UNGUARDED_AVAILABILITY = YES_AGGRESSIVE;
				CLANG_WARN_UNREACHABLE_CODE = YES;
				CLANG_WARN__DUPLICATE_METHOD_MATCH = YES;
				COPY_PHASE_STRIP = NO;
				DEBUG_INFORMATION_FORMAT = "dwarf-with-dsym";
				ENABLE_NS_ASSERTIONS = NO;
				ENABLE_STRICT_OBJC_MSGSEND = YES;
				GCC_C_LANGUAGE_STANDARD = gnu11;
				GCC_NO_COMMON_BLOCKS = YES;
				GCC_WARN_64_TO_32_BIT_CONVERSION = YES;
				GCC_WARN_ABOUT_RETURN_TYPE = YES_ERROR;
				GCC_WARN_UNDECLARED_SELECTOR = YES;
				GCC_WARN_UNINITIALIZED_AUTOS = YES_AGGRESSIVE;
				GCC_WARN_UNUSED_FUNCTION = YES;
				GCC_WARN_UNUSED_VARIABLE = YES;
				IPHONEOS_DEPLOYMENT_TARGET = 14.4;
				MTL_ENABLE_DEBUG_INFO = NO;
				MTL_FAST_MATH = YES;
				SDKROOT = iphoneos;
				SWIFT_COMPILATION_MODE = wholemodule;
				SWIFT_OPTIMIZATION_LEVEL = "-O";
				VALIDATE_PRODUCT = YES;
			};
			name = Release;
		};
		3223ADFF25E3546700868FC1 /* Debug */ = {
			isa = XCBuildConfiguration;
			buildSettings = {
				ASSETCATALOG_COMPILER_APPICON_NAME = AppIcon;
				ASSETCATALOG_COMPILER_GLOBAL_ACCENT_COLOR_NAME = AccentColor;
				CODE_SIGN_STYLE = Automatic;
				DEVELOPMENT_ASSET_PATHS = "\"TestSwiftUI/Preview Content\"";
				DEVELOPMENT_TEAM = K2CX6U9FEY;
				ENABLE_PREVIEWS = YES;
				INFOPLIST_FILE = TestSwiftUI/Info.plist;
				LD_RUNPATH_SEARCH_PATHS = (
					"$(inherited)",
					"@executable_path/Frameworks",
				);
				PRODUCT_BUNDLE_IDENTIFIER = sh.fd.com.TestSwiftUI;
				PRODUCT_NAME = "$(TARGET_NAME)";
				SWIFT_VERSION = 5.0;
				TARGETED_DEVICE_FAMILY = "1,2";
			};
			name = Debug;
		};
		3223AE0025E3546700868FC1 /* Release */ = {
			isa = XCBuildConfiguration;
			buildSettings = {
				ASSETCATALOG_COMPILER_APPICON_NAME = AppIcon;
				ASSETCATALOG_COMPILER_GLOBAL_ACCENT_COLOR_NAME = AccentColor;
				CODE_SIGN_STYLE = Automatic;
				DEVELOPMENT_ASSET_PATHS = "\"TestSwiftUI/Preview Content\"";
				DEVELOPMENT_TEAM = K2CX6U9FEY;
				ENABLE_PREVIEWS = YES;
				INFOPLIST_FILE = TestSwiftUI/Info.plist;
				LD_RUNPATH_SEARCH_PATHS = (
					"$(inherited)",
					"@executable_path/Frameworks",
				);
				PRODUCT_BUNDLE_IDENTIFIER = sh.fd.com.TestSwiftUI;
				PRODUCT_NAME = "$(TARGET_NAME)";
				SWIFT_VERSION = 5.0;
				TARGETED_DEVICE_FAMILY = "1,2";
			};
			name = Release;
		};
		3223AE0225E3546700868FC1 /* Debug */ = {
			isa = XCBuildConfiguration;
			buildSettings = {
				ALWAYS_EMBED_SWIFT_STANDARD_LIBRARIES = YES;
				BUNDLE_LOADER = "$(TEST_HOST)";
				CODE_SIGN_STYLE = Automatic;
				DEVELOPMENT_TEAM = K2CX6U9FEY;
				INFOPLIST_FILE = TestSwiftUITests/Info.plist;
				IPHONEOS_DEPLOYMENT_TARGET = 14.4;
				LD_RUNPATH_SEARCH_PATHS = (
					"$(inherited)",
					"@executable_path/Frameworks",
					"@loader_path/Frameworks",
				);
				PRODUCT_BUNDLE_IDENTIFIER = sh.fd.com.TestSwiftUITests;
				PRODUCT_NAME = "$(TARGET_NAME)";
				SWIFT_VERSION = 5.0;
				TARGETED_DEVICE_FAMILY = "1,2";
				TEST_HOST = "$(BUILT_PRODUCTS_DIR)/TestSwiftUI.app/TestSwiftUI";
			};
			name = Debug;
		};
		3223AE0325E3546700868FC1 /* Release */ = {
			isa = XCBuildConfiguration;
			buildSettings = {
				ALWAYS_EMBED_SWIFT_STANDARD_LIBRARIES = YES;
				BUNDLE_LOADER = "$(TEST_HOST)";
				CODE_SIGN_STYLE = Automatic;
				DEVELOPMENT_TEAM = K2CX6U9FEY;
				INFOPLIST_FILE = TestSwiftUITests/Info.plist;
				IPHONEOS_DEPLOYMENT_TARGET = 14.4;
				LD_RUNPATH_SEARCH_PATHS = (
					"$(inherited)",
					"@executable_path/Frameworks",
					"@loader_path/Frameworks",
				);
				PRODUCT_BUNDLE_IDENTIFIER = sh.fd.com.TestSwiftUITests;
				PRODUCT_NAME = "$(TARGET_NAME)";
				SWIFT_VERSION = 5.0;
				TARGETED_DEVICE_FAMILY = "1,2";
				TEST_HOST = "$(BUILT_PRODUCTS_DIR)/TestSwiftUI.app/TestSwiftUI";
			};
			name = Release;
		};
		3223AE0525E3546700868FC1 /* Debug */ = {
			isa = XCBuildConfiguration;
			buildSettings = {
				ALWAYS_EMBED_SWIFT_STANDARD_LIBRARIES = YES;
				CODE_SIGN_STYLE = Automatic;
				DEVELOPMENT_TEAM = K2CX6U9FEY;
				INFOPLIST_FILE = TestSwiftUIUITests/Info.plist;
				LD_RUNPATH_SEARCH_PATHS = (
					"$(inherited)",
					"@executable_path/Frameworks",
					"@loader_path/Frameworks",
				);
				PRODUCT_BUNDLE_IDENTIFIER = sh.fd.com.TestSwiftUIUITests;
				PRODUCT_NAME = "$(TARGET_NAME)";
				SWIFT_VERSION = 5.0;
				TARGETED_DEVICE_FAMILY = "1,2";
				TEST_TARGET_NAME = TestSwiftUI;
			};
			name = Debug;
		};
		3223AE0625E3546700868FC1 /* Release */ = {
			isa = XCBuildConfiguration;
			buildSettings = {
				ALWAYS_EMBED_SWIFT_STANDARD_LIBRARIES = YES;
				CODE_SIGN_STYLE = Automatic;
				DEVELOPMENT_TEAM = K2CX6U9FEY;
				INFOPLIST_FILE = TestSwiftUIUITests/Info.plist;
				LD_RUNPATH_SEARCH_PATHS = (
					"$(inherited)",
					"@executable_path/Frameworks",
					"@loader_path/Frameworks",
				);
				PRODUCT_BUNDLE_IDENTIFIER = sh.fd.com.TestSwiftUIUITests;
				PRODUCT_NAME = "$(TARGET_NAME)";
				SWIFT_VERSION = 5.0;
				TARGETED_DEVICE_FAMILY = "1,2";
				TEST_TARGET_NAME = TestSwiftUI;
			};
			name = Release;
		};
/* End XCBuildConfiguration section */

/* Begin XCConfigurationList section */
		3223ADCF25E3546600868FC1 /* Build configuration list for PBXProject "TestSwiftUI" */ = {
			isa = XCConfigurationList;
			buildConfigurations = (
				3223ADFC25E3546700868FC1 /* Debug */,
				3223ADFD25E3546700868FC1 /* Release */,
			);
			defaultConfigurationIsVisible = 0;
			defaultConfigurationName = Release;
		};
		3223ADFE25E3546700868FC1 /* Build configuration list for PBXNativeTarget "TestSwiftUI" */ = {
			isa = XCConfigurationList;
			buildConfigurations = (
				3223ADFF25E3546700868FC1 /* Debug */,
				3223AE0025E3546700868FC1 /* Release */,
			);
			defaultConfigurationIsVisible = 0;
			defaultConfigurationName = Release;
		};
		3223AE0125E3546700868FC1 /* Build configuration list for PBXNativeTarget "TestSwiftUITests" */ = {
			isa = XCConfigurationList;
			buildConfigurations = (
				3223AE0225E3546700868FC1 /* Debug */,
				3223AE0325E3546700868FC1 /* Release */,
			);
			defaultConfigurationIsVisible = 0;
			defaultConfigurationName = Release;
		};
		3223AE0425E3546700868FC1 /* Build configuration list for PBXNativeTarget "TestSwiftUIUITests" */ = {
			isa = XCConfigurationList;
			buildConfigurations = (
				3223AE0525E3546700868FC1 /* Debug */,
				3223AE0625E3546700868FC1 /* Release */,
			);
			defaultConfigurationIsVisible = 0;
			defaultConfigurationName = Release;
		};
/* End XCConfigurationList section */
	};
	rootObject = 3223ADCC25E3546600868FC1 /* Project object */;
}
